{
  "requires": true,
  "lockfileVersion": 1,
  "dependencies": {
    "ngx-spinner": {
      "version": "11.0.1",
      "resolved": "https://registry.npmjs.org/ngx-spinner/-/ngx-spinner-11.0.1.tgz",
      "integrity": "sha512-fHCCxlF1kgEJqeKlgJDJdts/YLM3YH1qrBYcOiqo4b3dKZM1Vzv6yGMEekjsO1tETrmvvqOqsDH1gjJh3QVqjQ==",
      "requires": {
        "tslib": "^2.0.0"
      }
    },
    "tslib": {
      "version": "2.2.0",
      "resolved": "https://registry.npmjs.org/tslib/-/tslib-2.2.0.tgz",
      "integrity": "sha512-gS9GVHRU+RGn5KQM2rllAlR3dU6m7AcpJKdtH8gFvQiC4Otgk98XnmMU+nZenHt/+VhnBPWwgrJsyrdcw6i23w=="
    }
  }
}
